
Microsoft Visual Studio Solution File, Format Version 12.00
# Visual Studio Version 17
VisualStudioVersion = 17.4.33403.182
MinimumVisualStudioVersion = 10.0.40219.1
Project("{9A19103F-16F7-4668-BE54-9A1E7A4F7556}") = "apprunnerdemo", "apprunnerdemo.csproj", "{D230CE66-82DB-4360-A170-8B2893C32DAB}"
EndProject
Global
	GlobalSection(SolutionConfigurationPlatforms) = preSolution
		Debug|Any CPU = Debug|Any CPU
		Release|Any CPU = Release|Any CPU
	EndGlobalSection
	GlobalSection(ProjectConfigurationPlatforms) = postSolution
		{D230CE66-82DB-4360-A170-8B2893C32DAB}.Debug|Any CPU.ActiveCfg = Debug|Any CPU
		{D230CE66-82DB-4360-A170-8B2893C32DAB}.Debug|Any CPU.Build.0 = Debug|Any CPU
		{D230CE66-82DB-4360-A170-8B2893C32DAB}.Release|Any CPU.ActiveCfg = Release|Any CPU
		{D230CE66-82DB-4360-A170-8B2893C32DAB}.Release|Any CPU.Build.0 = Release|Any CPU
	EndGlobalSection
	GlobalSection(SolutionProperties) = preSolution
		HideSolutionNode = FALSE
	EndGlobalSection
	GlobalSection(ExtensibilityGlobals) = postSolution
		SolutionGuid = {55996EC3-A638-4714-BCDE-0E7A81C100E2}
	EndGlobalSection
EndGlobal
